
Microsoft Visual Studio Solution File, Format Version 12.00
# Visual Studio Version 16
VisualStudioVersion = 16.0.30804.86
MinimumVisualStudioVersion = 10.0.40219.1
Project("{9A19103F-16F7-4668-BE54-9A1E7A4F7556}") = "Vehicles", "Vehicles\Vehicles.csproj", "{14D8238B-ACC3-4D76-8AF2-109B7247E804}"
EndProject
Project("{9A19103F-16F7-4668-BE54-9A1E7A4F7556}") = "Raiding", "Raiding\Raiding.csproj", "{2FA5295B-537E-4B2F-8F25-65B4FD0A2D40}"
EndProject
Project("{9A19103F-16F7-4668-BE54-9A1E7A4F7556}") = "WildFarm", "WildFarm\WildFarm.csproj", "{A69E317A-9F26-4FF0-9869-801C70331FF4}"
EndProject
Project("{FAE04EC0-301F-11D3-BF4B-00C04F79EFBC}") = "ConsoleApp1", "ConsoleApp1\ConsoleApp1.csproj", "{FFC8F65B-AB04-45EA-B8A5-0B0728025FAD}"
EndProject
Global
	GlobalSection(SolutionConfigurationPlatforms) = preSolution
		Debug|Any CPU = Debug|Any CPU
		Release|Any CPU = Release|Any CPU
	EndGlobalSection
	GlobalSection(ProjectConfigurationPlatforms) = postSolution
		{14D8238B-ACC3-4D76-8AF2-109B7247E804}.Debug|Any CPU.ActiveCfg = Debug|Any CPU
		{14D8238B-ACC3-4D76-8AF2-109B7247E804}.Debug|Any CPU.Build.0 = Debug|Any CPU
		{14D8238B-ACC3-4D76-8AF2-109B7247E804}.Release|Any CPU.ActiveCfg = Release|Any CPU
		{14D8238B-ACC3-4D76-8AF2-109B7247E804}.Release|Any CPU.Build.0 = Release|Any CPU
		{2FA5295B-537E-4B2F-8F25-65B4FD0A2D40}.Debug|Any CPU.ActiveCfg = Debug|Any CPU
		{2FA5295B-537E-4B2F-8F25-65B4FD0A2D40}.Debug|Any CPU.Build.0 = Debug|Any CPU
		{2FA5295B-537E-4B2F-8F25-65B4FD0A2D40}.Release|Any CPU.ActiveCfg = Release|Any CPU
		{2FA5295B-537E-4B2F-8F25-65B4FD0A2D40}.Release|Any CPU.Build.0 = Release|Any CPU
		{A69E317A-9F26-4FF0-9869-801C70331FF4}.Debug|Any CPU.ActiveCfg = Debug|Any CPU
		{A69E317A-9F26-4FF0-9869-801C70331FF4}.Debug|Any CPU.Build.0 = Debug|Any CPU
		{A69E317A-9F26-4FF0-9869-801C70331FF4}.Release|Any CPU.ActiveCfg = Release|Any CPU
		{A69E317A-9F26-4FF0-9869-801C70331FF4}.Release|Any CPU.Build.0 = Release|Any CPU
		{FFC8F65B-AB04-45EA-B8A5-0B0728025FAD}.Debug|Any CPU.ActiveCfg = Debug|Any CPU
		{FFC8F65B-AB04-45EA-B8A5-0B0728025FAD}.Debug|Any CPU.Build.0 = Debug|Any CPU
		{FFC8F65B-AB04-45EA-B8A5-0B0728025FAD}.Release|Any CPU.ActiveCfg = Release|Any CPU
		{FFC8F65B-AB04-45EA-B8A5-0B0728025FAD}.Release|Any CPU.Build.0 = Release|Any CPU
	EndGlobalSection
	GlobalSection(SolutionProperties) = preSolution
		HideSolutionNode = FALSE
	EndGlobalSection
	GlobalSection(ExtensibilityGlobals) = postSolution
		SolutionGuid = {42EABB6A-D055-44BC-93CE-5584F8CAF52C}
	EndGlobalSection
EndGlobal
