
Microsoft Visual Studio Solution File, Format Version 12.00
# Visual Studio Version 16
VisualStudioVersion = 16.0.30804.86
MinimumVisualStudioVersion = 10.0.40219.1
Project("{9A19103F-16F7-4668-BE54-9A1E7A4F7556}") = "SoftUniReception", "SoftUniReception\SoftUniReception.csproj", "{0A0C6CAB-5D2B-4BBD-8BB9-DB3AE7B6AA3A}"
EndProject
Project("{9A19103F-16F7-4668-BE54-9A1E7A4F7556}") = "ArrayModifier", "ArrayModifier\ArrayModifier.csproj", "{F55756CC-D949-494B-9FFD-3BFDB439E6E3}"
EndProject
Project("{9A19103F-16F7-4668-BE54-9A1E7A4F7556}") = "Numbers", "Numbers\Numbers.csproj", "{C57221BA-E531-4CC4-93F3-5F244F3FA598}"
EndProject
Project("{FAE04EC0-301F-11D3-BF4B-00C04F79EFBC}") = "BonusScoringSystem", "BonusScoringSystem\BonusScoringSystem.csproj", "{7C0AA8BD-2727-4CA5-903D-22F42E6A2915}"
EndProject
Project("{FAE04EC0-301F-11D3-BF4B-00C04F79EFBC}") = "MuOnline", "MuOnline\MuOnline.csproj", "{82C65C6C-31EF-451C-9D3A-F8E07D97B6C7}"
EndProject
Project("{FAE04EC0-301F-11D3-BF4B-00C04F79EFBC}") = "Inventory", "Inventory\Inventory.csproj", "{04C815DF-80B2-45AA-BF31-CEFF72CD9936}"
EndProject
Project("{FAE04EC0-301F-11D3-BF4B-00C04F79EFBC}") = "NationalCourt", "NationalCourt\NationalCourt.csproj", "{3B1064DC-27F9-41CB-87D9-E68137248D0A}"
EndProject
Project("{FAE04EC0-301F-11D3-BF4B-00C04F79EFBC}") = "ShoppingList", "ShoppingList\ShoppingList.csproj", "{CD1ADB11-D204-4DCC-80AB-9E19A9829D0F}"
EndProject
Global
	GlobalSection(SolutionConfigurationPlatforms) = preSolution
		Debug|Any CPU = Debug|Any CPU
		Release|Any CPU = Release|Any CPU
	EndGlobalSection
	GlobalSection(ProjectConfigurationPlatforms) = postSolution
		{0A0C6CAB-5D2B-4BBD-8BB9-DB3AE7B6AA3A}.Debug|Any CPU.ActiveCfg = Debug|Any CPU
		{0A0C6CAB-5D2B-4BBD-8BB9-DB3AE7B6AA3A}.Debug|Any CPU.Build.0 = Debug|Any CPU
		{0A0C6CAB-5D2B-4BBD-8BB9-DB3AE7B6AA3A}.Release|Any CPU.ActiveCfg = Release|Any CPU
		{0A0C6CAB-5D2B-4BBD-8BB9-DB3AE7B6AA3A}.Release|Any CPU.Build.0 = Release|Any CPU
		{F55756CC-D949-494B-9FFD-3BFDB439E6E3}.Debug|Any CPU.ActiveCfg = Debug|Any CPU
		{F55756CC-D949-494B-9FFD-3BFDB439E6E3}.Debug|Any CPU.Build.0 = Debug|Any CPU
		{F55756CC-D949-494B-9FFD-3BFDB439E6E3}.Release|Any CPU.ActiveCfg = Release|Any CPU
		{F55756CC-D949-494B-9FFD-3BFDB439E6E3}.Release|Any CPU.Build.0 = Release|Any CPU
		{C57221BA-E531-4CC4-93F3-5F244F3FA598}.Debug|Any CPU.ActiveCfg = Debug|Any CPU
		{C57221BA-E531-4CC4-93F3-5F244F3FA598}.Debug|Any CPU.Build.0 = Debug|Any CPU
		{C57221BA-E531-4CC4-93F3-5F244F3FA598}.Release|Any CPU.ActiveCfg = Release|Any CPU
		{C57221BA-E531-4CC4-93F3-5F244F3FA598}.Release|Any CPU.Build.0 = Release|Any CPU
		{7C0AA8BD-2727-4CA5-903D-22F42E6A2915}.Debug|Any CPU.ActiveCfg = Debug|Any CPU
		{7C0AA8BD-2727-4CA5-903D-22F42E6A2915}.Debug|Any CPU.Build.0 = Debug|Any CPU
		{7C0AA8BD-2727-4CA5-903D-22F42E6A2915}.Release|Any CPU.ActiveCfg = Release|Any CPU
		{7C0AA8BD-2727-4CA5-903D-22F42E6A2915}.Release|Any CPU.Build.0 = Release|Any CPU
		{82C65C6C-31EF-451C-9D3A-F8E07D97B6C7}.Debug|Any CPU.ActiveCfg = Debug|Any CPU
		{82C65C6C-31EF-451C-9D3A-F8E07D97B6C7}.Debug|Any CPU.Build.0 = Debug|Any CPU
		{82C65C6C-31EF-451C-9D3A-F8E07D97B6C7}.Release|Any CPU.ActiveCfg = Release|Any CPU
		{82C65C6C-31EF-451C-9D3A-F8E07D97B6C7}.Release|Any CPU.Build.0 = Release|Any CPU
		{04C815DF-80B2-45AA-BF31-CEFF72CD9936}.Debug|Any CPU.ActiveCfg = Debug|Any CPU
		{04C815DF-80B2-45AA-BF31-CEFF72CD9936}.Debug|Any CPU.Build.0 = Debug|Any CPU
		{04C815DF-80B2-45AA-BF31-CEFF72CD9936}.Release|Any CPU.ActiveCfg = Release|Any CPU
		{04C815DF-80B2-45AA-BF31-CEFF72CD9936}.Release|Any CPU.Build.0 = Release|Any CPU
		{3B1064DC-27F9-41CB-87D9-E68137248D0A}.Debug|Any CPU.ActiveCfg = Debug|Any CPU
		{3B1064DC-27F9-41CB-87D9-E68137248D0A}.Debug|Any CPU.Build.0 = Debug|Any CPU
		{3B1064DC-27F9-41CB-87D9-E68137248D0A}.Release|Any CPU.ActiveCfg = Release|Any CPU
		{3B1064DC-27F9-41CB-87D9-E68137248D0A}.Release|Any CPU.Build.0 = Release|Any CPU
		{CD1ADB11-D204-4DCC-80AB-9E19A9829D0F}.Debug|Any CPU.ActiveCfg = Debug|Any CPU
		{CD1ADB11-D204-4DCC-80AB-9E19A9829D0F}.Debug|Any CPU.Build.0 = Debug|Any CPU
		{CD1ADB11-D204-4DCC-80AB-9E19A9829D0F}.Release|Any CPU.ActiveCfg = Release|Any CPU
		{CD1ADB11-D204-4DCC-80AB-9E19A9829D0F}.Release|Any CPU.Build.0 = Release|Any CPU
	EndGlobalSection
	GlobalSection(SolutionProperties) = preSolution
		HideSolutionNode = FALSE
	EndGlobalSection
	GlobalSection(ExtensibilityGlobals) = postSolution
		SolutionGuid = {136DD9AA-6525-46A1-8540-41CC9153CAD8}
	EndGlobalSection
EndGlobal
