
Microsoft Visual Studio Solution File, Format Version 12.00
# Visual Studio Version 16
VisualStudioVersion = 16.0.30804.86
MinimumVisualStudioVersion = 10.0.40219.1
Project("{FAE04EC0-301F-11D3-BF4B-00C04F79EFBC}") = "P01_StudentSystem", "StudentSystem\P01_StudentSystem.csproj", "{6548AF4B-FA89-4709-BD1E-7B1F6006E500}"
EndProject
Project("{FAE04EC0-301F-11D3-BF4B-00C04F79EFBC}") = "P03_FootballBetting", "P03_FootballBetting\P03_FootballBetting.csproj", "{DF624D84-241D-4DE4-A46A-9D245004C9B0}"
EndProject
Global
	GlobalSection(SolutionConfigurationPlatforms) = preSolution
		Debug|Any CPU = Debug|Any CPU
		Release|Any CPU = Release|Any CPU
	EndGlobalSection
	GlobalSection(ProjectConfigurationPlatforms) = postSolution
		{6548AF4B-FA89-4709-BD1E-7B1F6006E500}.Debug|Any CPU.ActiveCfg = Debug|Any CPU
		{6548AF4B-FA89-4709-BD1E-7B1F6006E500}.Debug|Any CPU.Build.0 = Debug|Any CPU
		{6548AF4B-FA89-4709-BD1E-7B1F6006E500}.Release|Any CPU.ActiveCfg = Release|Any CPU
		{6548AF4B-FA89-4709-BD1E-7B1F6006E500}.Release|Any CPU.Build.0 = Release|Any CPU
		{DF624D84-241D-4DE4-A46A-9D245004C9B0}.Debug|Any CPU.ActiveCfg = Debug|Any CPU
		{DF624D84-241D-4DE4-A46A-9D245004C9B0}.Debug|Any CPU.Build.0 = Debug|Any CPU
		{DF624D84-241D-4DE4-A46A-9D245004C9B0}.Release|Any CPU.ActiveCfg = Release|Any CPU
		{DF624D84-241D-4DE4-A46A-9D245004C9B0}.Release|Any CPU.Build.0 = Release|Any CPU
	EndGlobalSection
	GlobalSection(SolutionProperties) = preSolution
		HideSolutionNode = FALSE
	EndGlobalSection
	GlobalSection(ExtensibilityGlobals) = postSolution
		SolutionGuid = {36D624D1-40EE-4890-97F0-F0BB473CCBB0}
	EndGlobalSection
EndGlobal
