
Microsoft Visual Studio Solution File, Format Version 12.00
# Visual Studio Version 16
VisualStudioVersion = 16.0.30804.86
MinimumVisualStudioVersion = 10.0.40219.1
Project("{9A19103F-16F7-4668-BE54-9A1E7A4F7556}") = "EmojiDetector", "EmojiDetector\EmojiDetector.csproj", "{87846871-0FEC-4202-97F2-1EF4927C2D44}"
EndProject
Project("{9A19103F-16F7-4668-BE54-9A1E7A4F7556}") = "PlantDiscovery", "PlantDiscovery\PlantDiscovery.csproj", "{5940B5BC-737F-4066-BAF5-292E0E75A378}"
EndProject
Project("{9A19103F-16F7-4668-BE54-9A1E7A4F7556}") = "TheImitationGame", "TheImitationGame\TheImitationGame.csproj", "{D466782C-F7FF-4321-83F2-3C1A89DD030E}"
EndProject
Project("{9A19103F-16F7-4668-BE54-9A1E7A4F7556}") = "AdAstra", "AdAstra\AdAstra.csproj", "{2A79DB2D-A848-44E0-8F28-FCC79835ADCF}"
EndProject
Project("{9A19103F-16F7-4668-BE54-9A1E7A4F7556}") = "ThePianist", "ThePianist\ThePianist.csproj", "{D7AB34AE-0E37-4C97-9A94-CE7D4E7AED92}"
EndProject
Project("{FAE04EC0-301F-11D3-BF4B-00C04F79EFBC}") = "ActivationKeys", "ActivationKeys\ActivationKeys.csproj", "{B2E4802E-C832-4B55-BAC6-97E79BB3DF5F}"
EndProject
Project("{FAE04EC0-301F-11D3-BF4B-00C04F79EFBC}") = "P!rates", "P!rates\P!rates.csproj", "{E85A6FCD-EFB8-4E33-AE28-47EA51A6B73A}"
EndProject
Project("{FAE04EC0-301F-11D3-BF4B-00C04F79EFBC}") = "PasswordReset", "PasswordReset\PasswordReset.csproj", "{1F5A7DEF-5ADA-46B5-9DF6-97E4864AA7E8}"
EndProject
Project("{FAE04EC0-301F-11D3-BF4B-00C04F79EFBC}") = "FancyBarcodes", "FancyBarcodes\FancyBarcodes.csproj", "{54ED5135-71F7-44BB-BE3B-F271594A0139}"
EndProject
Project("{FAE04EC0-301F-11D3-BF4B-00C04F79EFBC}") = "HeroesOfCodeAndLogicVII", "HeroesOfCodeAndLogicVII\HeroesOfCodeAndLogicVII.csproj", "{5B28CDFD-4E4B-4B7D-9440-F10DCE95C3CB}"
EndProject
Global
	GlobalSection(SolutionConfigurationPlatforms) = preSolution
		Debug|Any CPU = Debug|Any CPU
		Release|Any CPU = Release|Any CPU
	EndGlobalSection
	GlobalSection(ProjectConfigurationPlatforms) = postSolution
		{87846871-0FEC-4202-97F2-1EF4927C2D44}.Debug|Any CPU.ActiveCfg = Debug|Any CPU
		{87846871-0FEC-4202-97F2-1EF4927C2D44}.Debug|Any CPU.Build.0 = Debug|Any CPU
		{87846871-0FEC-4202-97F2-1EF4927C2D44}.Release|Any CPU.ActiveCfg = Release|Any CPU
		{87846871-0FEC-4202-97F2-1EF4927C2D44}.Release|Any CPU.Build.0 = Release|Any CPU
		{5940B5BC-737F-4066-BAF5-292E0E75A378}.Debug|Any CPU.ActiveCfg = Debug|Any CPU
		{5940B5BC-737F-4066-BAF5-292E0E75A378}.Debug|Any CPU.Build.0 = Debug|Any CPU
		{5940B5BC-737F-4066-BAF5-292E0E75A378}.Release|Any CPU.ActiveCfg = Release|Any CPU
		{5940B5BC-737F-4066-BAF5-292E0E75A378}.Release|Any CPU.Build.0 = Release|Any CPU
		{D466782C-F7FF-4321-83F2-3C1A89DD030E}.Debug|Any CPU.ActiveCfg = Debug|Any CPU
		{D466782C-F7FF-4321-83F2-3C1A89DD030E}.Debug|Any CPU.Build.0 = Debug|Any CPU
		{D466782C-F7FF-4321-83F2-3C1A89DD030E}.Release|Any CPU.ActiveCfg = Release|Any CPU
		{D466782C-F7FF-4321-83F2-3C1A89DD030E}.Release|Any CPU.Build.0 = Release|Any CPU
		{2A79DB2D-A848-44E0-8F28-FCC79835ADCF}.Debug|Any CPU.ActiveCfg = Debug|Any CPU
		{2A79DB2D-A848-44E0-8F28-FCC79835ADCF}.Debug|Any CPU.Build.0 = Debug|Any CPU
		{2A79DB2D-A848-44E0-8F28-FCC79835ADCF}.Release|Any CPU.ActiveCfg = Release|Any CPU
		{2A79DB2D-A848-44E0-8F28-FCC79835ADCF}.Release|Any CPU.Build.0 = Release|Any CPU
		{D7AB34AE-0E37-4C97-9A94-CE7D4E7AED92}.Debug|Any CPU.ActiveCfg = Debug|Any CPU
		{D7AB34AE-0E37-4C97-9A94-CE7D4E7AED92}.Debug|Any CPU.Build.0 = Debug|Any CPU
		{D7AB34AE-0E37-4C97-9A94-CE7D4E7AED92}.Release|Any CPU.ActiveCfg = Release|Any CPU
		{D7AB34AE-0E37-4C97-9A94-CE7D4E7AED92}.Release|Any CPU.Build.0 = Release|Any CPU
		{B2E4802E-C832-4B55-BAC6-97E79BB3DF5F}.Debug|Any CPU.ActiveCfg = Debug|Any CPU
		{B2E4802E-C832-4B55-BAC6-97E79BB3DF5F}.Debug|Any CPU.Build.0 = Debug|Any CPU
		{B2E4802E-C832-4B55-BAC6-97E79BB3DF5F}.Release|Any CPU.ActiveCfg = Release|Any CPU
		{B2E4802E-C832-4B55-BAC6-97E79BB3DF5F}.Release|Any CPU.Build.0 = Release|Any CPU
		{E85A6FCD-EFB8-4E33-AE28-47EA51A6B73A}.Debug|Any CPU.ActiveCfg = Debug|Any CPU
		{E85A6FCD-EFB8-4E33-AE28-47EA51A6B73A}.Debug|Any CPU.Build.0 = Debug|Any CPU
		{E85A6FCD-EFB8-4E33-AE28-47EA51A6B73A}.Release|Any CPU.ActiveCfg = Release|Any CPU
		{E85A6FCD-EFB8-4E33-AE28-47EA51A6B73A}.Release|Any CPU.Build.0 = Release|Any CPU
		{1F5A7DEF-5ADA-46B5-9DF6-97E4864AA7E8}.Debug|Any CPU.ActiveCfg = Debug|Any CPU
		{1F5A7DEF-5ADA-46B5-9DF6-97E4864AA7E8}.Debug|Any CPU.Build.0 = Debug|Any CPU
		{1F5A7DEF-5ADA-46B5-9DF6-97E4864AA7E8}.Release|Any CPU.ActiveCfg = Release|Any CPU
		{1F5A7DEF-5ADA-46B5-9DF6-97E4864AA7E8}.Release|Any CPU.Build.0 = Release|Any CPU
		{54ED5135-71F7-44BB-BE3B-F271594A0139}.Debug|Any CPU.ActiveCfg = Debug|Any CPU
		{54ED5135-71F7-44BB-BE3B-F271594A0139}.Debug|Any CPU.Build.0 = Debug|Any CPU
		{54ED5135-71F7-44BB-BE3B-F271594A0139}.Release|Any CPU.ActiveCfg = Release|Any CPU
		{54ED5135-71F7-44BB-BE3B-F271594A0139}.Release|Any CPU.Build.0 = Release|Any CPU
		{5B28CDFD-4E4B-4B7D-9440-F10DCE95C3CB}.Debug|Any CPU.ActiveCfg = Debug|Any CPU
		{5B28CDFD-4E4B-4B7D-9440-F10DCE95C3CB}.Debug|Any CPU.Build.0 = Debug|Any CPU
		{5B28CDFD-4E4B-4B7D-9440-F10DCE95C3CB}.Release|Any CPU.ActiveCfg = Release|Any CPU
		{5B28CDFD-4E4B-4B7D-9440-F10DCE95C3CB}.Release|Any CPU.Build.0 = Release|Any CPU
	EndGlobalSection
	GlobalSection(SolutionProperties) = preSolution
		HideSolutionNode = FALSE
	EndGlobalSection
	GlobalSection(ExtensibilityGlobals) = postSolution
		SolutionGuid = {78BC47C5-0C9A-43DE-B9E0-37D8317D906C}
	EndGlobalSection
EndGlobal
